
Microsoft Visual Studio Solution File, Format Version 12.00
# Visual Studio Version 17
VisualStudioVersion = 17.11.35219.272
MinimumVisualStudioVersion = 10.0.40219.1
Project("{FAE04EC0-301F-11D3-BF4B-00C04F79EFBC}") = "OUCR202309011", "OUCR202309011.csproj", "{81DF3812-0D1B-4F4C-8968-B72510CD2A69}"
EndProject
Global
	GlobalSection(SolutionConfigurationPlatforms) = preSolution
		Debug|Any CPU = Debug|Any CPU
		Release|Any CPU = Release|Any CPU
	EndGlobalSection
	GlobalSection(ProjectConfigurationPlatforms) = postSolution
		{81DF3812-0D1B-4F4C-8968-B72510CD2A69}.Debug|Any CPU.ActiveCfg = Debug|Any CPU
		{81DF3812-0D1B-4F4C-8968-B72510CD2A69}.Debug|Any CPU.Build.0 = Debug|Any CPU
		{81DF3812-0D1B-4F4C-8968-B72510CD2A69}.Release|Any CPU.ActiveCfg = Release|Any CPU
		{81DF3812-0D1B-4F4C-8968-B72510CD2A69}.Release|Any CPU.Build.0 = Release|Any CPU
	EndGlobalSection
	GlobalSection(SolutionProperties) = preSolution
		HideSolutionNode = FALSE
	EndGlobalSection
	GlobalSection(ExtensibilityGlobals) = postSolution
		SolutionGuid = {76D70EFF-E9DB-4A05-80D0-A5911E0DBDB7}
	EndGlobalSection
EndGlobal
